
Microsoft Visual Studio Solution File, Format Version 12.00
# Visual Studio Version 17
VisualStudioVersion = 17.5.002.0
MinimumVisualStudioVersion = 10.0.40219.1
Project("{9A19103F-16F7-4668-BE54-9A1E7A4F7556}") = "L11 - Turcios Estrada, Jennifer Fernanda", "L11 - Turcios Estrada, Jennifer Fernanda.csproj", "{D042E705-11BF-4A06-B8B8-C3C576390888}"
EndProject
Global
	GlobalSection(SolutionConfigurationPlatforms) = preSolution
		Debug|Any CPU = Debug|Any CPU
		Release|Any CPU = Release|Any CPU
	EndGlobalSection
	GlobalSection(ProjectConfigurationPlatforms) = postSolution
		{D042E705-11BF-4A06-B8B8-C3C576390888}.Debug|Any CPU.ActiveCfg = Debug|Any CPU
		{D042E705-11BF-4A06-B8B8-C3C576390888}.Debug|Any CPU.Build.0 = Debug|Any CPU
		{D042E705-11BF-4A06-B8B8-C3C576390888}.Release|Any CPU.ActiveCfg = Release|Any CPU
		{D042E705-11BF-4A06-B8B8-C3C576390888}.Release|Any CPU.Build.0 = Release|Any CPU
	EndGlobalSection
	GlobalSection(SolutionProperties) = preSolution
		HideSolutionNode = FALSE
	EndGlobalSection
	GlobalSection(ExtensibilityGlobals) = postSolution
		SolutionGuid = {4AB6AD13-9A98-4743-99D7-5818DFC11DD9}
	EndGlobalSection
EndGlobal
